
Microsoft Visual Studio Solution File, Format Version 12.00
# Visual Studio Version 16
VisualStudioVersion = 16.0.31911.196
MinimumVisualStudioVersion = 10.0.40219.1
Project("{FAE04EC0-301F-11D3-BF4B-00C04F79EFBC}") = "MyNewApplicationForDemo", "MyNewApplicationForDemo.csproj", "{8CC98DDB-B076-43E8-9E61-FB41E280650B}"
EndProject
Global
	GlobalSection(SolutionConfigurationPlatforms) = preSolution
		Debug|Any CPU = Debug|Any CPU
		Release|Any CPU = Release|Any CPU
	EndGlobalSection
	GlobalSection(ProjectConfigurationPlatforms) = postSolution
		{8CC98DDB-B076-43E8-9E61-FB41E280650B}.Debug|Any CPU.ActiveCfg = Debug|Any CPU
		{8CC98DDB-B076-43E8-9E61-FB41E280650B}.Debug|Any CPU.Build.0 = Debug|Any CPU
		{8CC98DDB-B076-43E8-9E61-FB41E280650B}.Release|Any CPU.ActiveCfg = Release|Any CPU
		{8CC98DDB-B076-43E8-9E61-FB41E280650B}.Release|Any CPU.Build.0 = Release|Any CPU
	EndGlobalSection
	GlobalSection(SolutionProperties) = preSolution
		HideSolutionNode = FALSE
	EndGlobalSection
	GlobalSection(ExtensibilityGlobals) = postSolution
		SolutionGuid = {DCBF81E9-648D-4C11-82F2-9C033F55436D}
	EndGlobalSection
EndGlobal
